
Microsoft Visual Studio Solution File, Format Version 12.00
# Visual Studio Version 17
VisualStudioVersion = 17.2.32505.173
MinimumVisualStudioVersion = 10.0.40219.1
Project("{9A19103F-16F7-4668-BE54-9A1E7A4F7556}") = "RabbitSN", "Send\RabbitSN.csproj", "{1C66A952-052E-49B8-8A25-C68487A415C9}"
EndProject
Global
	GlobalSection(SolutionConfigurationPlatforms) = preSolution
		Debug|Any CPU = Debug|Any CPU
		Release|Any CPU = Release|Any CPU
	EndGlobalSection
	GlobalSection(ProjectConfigurationPlatforms) = postSolution
		{1C66A952-052E-49B8-8A25-C68487A415C9}.Debug|Any CPU.ActiveCfg = Debug|Any CPU
		{1C66A952-052E-49B8-8A25-C68487A415C9}.Debug|Any CPU.Build.0 = Debug|Any CPU
		{1C66A952-052E-49B8-8A25-C68487A415C9}.Release|Any CPU.ActiveCfg = Release|Any CPU
		{1C66A952-052E-49B8-8A25-C68487A415C9}.Release|Any CPU.Build.0 = Release|Any CPU
	EndGlobalSection
	GlobalSection(SolutionProperties) = preSolution
		HideSolutionNode = FALSE
	EndGlobalSection
	GlobalSection(ExtensibilityGlobals) = postSolution
		SolutionGuid = {F551ACBC-0820-4574-B379-59949935ABEC}
	EndGlobalSection
EndGlobal
